// !$*UTF8*$!
{
	archiveVersion = 1;
	classes = {
	};
	objectVersion = 56;
	objects = {

/* Begin PBXBuildFile section */
		470D80C12BCAC39100F3F141 /* clasteApp.swift in Sources */ = {isa = PBXBuildFile; fileRef = 470D80C02BCAC39100F3F141 /* clasteApp.swift */; };
		470D80C32BCAC39100F3F141 /* ContentView.swift in Sources */ = {isa = PBXBuildFile; fileRef = 470D80C22BCAC39100F3F141 /* ContentView.swift */; };
		470D80C52BCAC39200F3F141 /* Assets.xcassets in Resources */ = {isa = PBXBuildFile; fileRef = 470D80C42BCAC39200F3F141 /* Assets.xcassets */; };
		470D80C82BCAC39200F3F141 /* Preview Assets.xcassets in Resources */ = {isa = PBXBuildFile; fileRef = 470D80C72BCAC39200F3F141 /* Preview Assets.xcassets */; };
		470D80D02BCAC5CD00F3F141 /* ClipboardManager.swift in Sources */ = {isa = PBXBuildFile; fileRef = 470D80CF2BCAC5CD00F3F141 /* ClipboardManager.swift */; };
		470D80D22BCACD9800F3F141 /* ExpandableTextView.swift in Sources */ = {isa = PBXBuildFile; fileRef = 470D80D12BCACD9800F3F141 /* ExpandableTextView.swift */; };
/* End PBXBuildFile section */

/* Begin PBXFileReference section */
		470D80BD2BCAC39100F3F141 /* claste.app */ = {isa = PBXFileReference; explicitFileType = wrapper.application; includeInIndex = 0; path = claste.app; sourceTree = BUILT_PRODUCTS_DIR; };
		470D80C02BCAC39100F3F141 /* clasteApp.swift */ = {isa = PBXFileReference; lastKnownFileType = sourcecode.swift; path = clasteApp.swift; sourceTree = "<group>"; };
		470D80C22BCAC39100F3F141 /* ContentView.swift */ = {isa = PBXFileReference; lastKnownFileType = sourcecode.swift; path = ContentView.swift; sourceTree = "<group>"; };
		470D80C42BCAC39200F3F141 /* Assets.xcassets */ = {isa = PBXFileReference; lastKnownFileType = folder.assetcatalog; path = Assets.xcassets; sourceTree = "<group>"; };
		470D80C72BCAC39200F3F141 /* Preview Assets.xcassets */ = {isa = PBXFileReference; lastKnownFileType = folder.assetcatalog; path = "Preview Assets.xcassets"; sourceTree = "<group>"; };
		470D80C92BCAC39200F3F141 /* claste.entitlements */ = {isa = PBXFileReference; lastKnownFileType = text.plist.entitlements; path = claste.entitlements; sourceTree = "<group>"; };
		470D80CF2BCAC5CD00F3F141 /* ClipboardManager.swift */ = {isa = PBXFileReference; lastKnownFileType = sourcecode.swift; path = ClipboardManager.swift; sourceTree = "<group>"; };
		470D80D12BCACD9800F3F141 /* ExpandableTextView.swift */ = {isa = PBXFileReference; lastKnownFileType = sourcecode.swift; path = ExpandableTextView.swift; sourceTree = "<group>"; };
/* End PBXFileReference section */

/* Begin PBXFrameworksBuildPhase section */
		470D80BA2BCAC39100F3F141 /* Frameworks */ = {
			isa = PBXFrameworksBuildPhase;
			buildActionMask = 2147483647;
			files = (
			);
			runOnlyForDeploymentPostprocessing = 0;
		};
/* End PBXFrameworksBuildPhase section */

/* Begin PBXGroup section */
		470D80B42BCAC39100F3F141 = {
			isa = PBXGroup;
			children = (
				470D80BF2BCAC39100F3F141 /* claste */,
				470D80BE2BCAC39100F3F141 /* Products */,
			);
			sourceTree = "<group>";
		};
		470D80BE2BCAC39100F3F141 /* Products */ = {
			isa = PBXGroup;
			children = (
				470D80BD2BCAC39100F3F141 /* claste.app */,
			);
			name = Products;
			sourceTree = "<group>";
		};
		470D80BF2BCAC39100F3F141 /* claste */ = {
			isa = PBXGroup;
			children = (
				470D80C02BCAC39100F3F141 /* clasteApp.swift */,
				470D80C22BCAC39100F3F141 /* ContentView.swift */,
				470D80C42BCAC39200F3F141 /* Assets.xcassets */,
				470D80C92BCAC39200F3F141 /* claste.entitlements */,
				470D80C62BCAC39200F3F141 /* Preview Content */,
				470D80CF2BCAC5CD00F3F141 /* ClipboardManager.swift */,
				470D80D12BCACD9800F3F141 /* ExpandableTextView.swift */,
			);
			path = claste;
			sourceTree = "<group>";
		};
		470D80C62BCAC39200F3F141 /* Preview Content */ = {
			isa = PBXGroup;
			children = (
				470D80C72BCAC39200F3F141 /* Preview Assets.xcassets */,
			);
			path = "Preview Content";
			sourceTree = "<group>";
		};
/* End PBXGroup section */

/* Begin PBXNativeTarget section */
		470D80BC2BCAC39100F3F141 /* claste */ = {
			isa = PBXNativeTarget;
			buildConfigurationList = 470D80CC2BCAC39200F3F141 /* Build configuration list for PBXNativeTarget "claste" */;
			buildPhases = (
				470D80B92BCAC39100F3F141 /* Sources */,
				470D80BA2BCAC39100F3F141 /* Frameworks */,
				470D80BB2BCAC39100F3F141 /* Resources */,
			);
			buildRules = (
			);
			dependencies = (
			);
			name = claste;
			productName = claste;
			productReference = 470D80BD2BCAC39100F3F141 /* claste.app */;
			productType = "com.apple.product-type.application";
		};
/* End PBXNativeTarget section */

/* Begin PBXProject section */
		470D80B52BCAC39100F3F141 /* Project object */ = {
			isa = PBXProject;
			attributes = {
				BuildIndependentTargetsInParallel = 1;
				LastSwiftUpdateCheck = 1500;
				LastUpgradeCheck = 1500;
				TargetAttributes = {
					470D80BC2BCAC39100F3F141 = {
						CreatedOnToolsVersion = 15.0;
					};
				};
			};
			buildConfigurationList = 470D80B82BCAC39100F3F141 /* Build configuration list for PBXProject "claste" */;
			compatibilityVersion = "Xcode 14.0";
			developmentRegion = en;
			hasScannedForEncodings = 0;
			knownRegions = (
				en,
				Base,
			);
			mainGroup = 470D80B42BCAC39100F3F141;
			productRefGroup = 470D80BE2BCAC39100F3F141 /* Products */;
			projectDirPath = "";
			projectRoot = "";
			targets = (
				470D80BC2BCAC39100F3F141 /* claste */,
			);
		};
/* End PBXProject section */

/* Begin PBXResourcesBuildPhase section */
		470D80BB2BCAC39100F3F141 /* Resources */ = {
			isa = PBXResourcesBuildPhase;
			buildActionMask = 2147483647;
			files = (
				470D80C82BCAC39200F3F141 /* Preview Assets.xcassets in Resources */,
				470D80C52BCAC39200F3F141 /* Assets.xcassets in Resources */,
			);
			runOnlyForDeploymentPostprocessing = 0;
		};
/* End PBXResourcesBuildPhase section */

/* Begin PBXSourcesBuildPhase section */
		470D80B92BCAC39100F3F141 /* Sources */ = {
			isa = PBXSourcesBuildPhase;
			buildActionMask = 2147483647;
			files = (
				470D80C32BCAC39100F3F141 /* ContentView.swift in Sources */,
				470D80D02BCAC5CD00F3F141 /* ClipboardManager.swift in Sources */,
				470D80C12BCAC39100F3F141 /* clasteApp.swift in Sources */,
				470D80D22BCACD9800F3F141 /* ExpandableTextView.swift in Sources */,
			);
			runOnlyForDeploymentPostprocessing = 0;
		};
/* End PBXSourcesBuildPhase section */

/* Begin XCBuildConfiguration section */
		470D80CA2BCAC39200F3F141 /* Debug */ = {
			isa = XCBuildConfiguration;
			buildSettings = {
				ALWAYS_SEARCH_USER_PATHS = NO;
				ASSETCATALOG_COMPILER_GENERATE_SWIFT_ASSET_SYMBOL_EXTENSIONS = YES;
				CLANG_ANALYZER_NONNULL = YES;
				CLANG_ANALYZER_NUMBER_OBJECT_CONVERSION = YES_AGGRESSIVE;
				CLANG_CXX_LANGUAGE_STANDARD = "gnu++20";
				CLANG_ENABLE_MODULES = YES;
				CLANG_ENABLE_OBJC_ARC = YES;
				CLANG_ENABLE_OBJC_WEAK = YES;
				CLANG_WARN_BLOCK_CAPTURE_AUTORELEASING = YES;
				CLANG_WARN_BOOL_CONVERSION = YES;
				CLANG_WARN_COMMA = YES;
				CLANG_WARN_CONSTANT_CONVERSION = YES;
				CLANG_WARN_DEPRECATED_OBJC_IMPLEMENTATIONS = YES;
				CLANG_WARN_DIRECT_OBJC_ISA_USAGE = YES_ERROR;
				CLANG_WARN_DOCUMENTATION_COMMENTS = YES;
				CLANG_WARN_EMPTY_BODY = YES;
				CLANG_WARN_ENUM_CONVERSION = YES;
				CLANG_WARN_INFINITE_RECURSION = YES;
				CLANG_WARN_INT_CONVERSION = YES;
				CLANG_WARN_NON_LITERAL_NULL_CONVERSION = YES;
				CLANG_WARN_OBJC_IMPLICIT_RETAIN_SELF = YES;
				CLANG_WARN_OBJC_LITERAL_CONVERSION = YES;
				CLANG_WARN_OBJC_ROOT_CLASS = YES_ERROR;
				CLANG_WARN_QUOTED_INCLUDE_IN_FRAMEWORK_HEADER = YES;
				CLANG_WARN_RANGE_LOOP_ANALYSIS = YES;
				CLANG_WARN_STRICT_PROTOTYPES = YES;
				CLANG_WARN_SUSPICIOUS_MOVE = YES;
				CLANG_WARN_UNGUARDED_AVAILABILITY = YES_AGGRESSIVE;
				CLANG_WARN_UNREACHABLE_CODE = YES;
				CLANG_WARN__DUPLICATE_METHOD_MATCH = YES;
				COPY_PHASE_STRIP = NO;
				DEBUG_INFORMATION_FORMAT = dwarf;
				ENABLE_STRICT_OBJC_MSGSEND = YES;
				ENABLE_TESTABILITY = YES;
				ENABLE_USER_SCRIPT_SANDBOXING = YES;
				GCC_C_LANGUAGE_STANDARD = gnu17;
				GCC_DYNAMIC_NO_PIC = NO;
				GCC_NO_COMMON_BLOCKS = YES;
				GCC_OPTIMIZATION_LEVEL = 0;
				GCC_PREPROCESSOR_DEFINITIONS = (
					"DEBUG=1",
					"$(inherited)",
				);
				GCC_WARN_64_TO_32_BIT_CONVERSION = YES;
				GCC_WARN_ABOUT_RETURN_TYPE = YES_ERROR;
				GCC_WARN_UNDECLARED_SELECTOR = YES;
				GCC_WARN_UNINITIALIZED_AUTOS = YES_AGGRESSIVE;
				GCC_WARN_UNUSED_FUNCTION = YES;
				GCC_WARN_UNUSED_VARIABLE = YES;
				LOCALIZATION_PREFERS_STRING_CATALOGS = YES;
				MACOSX_DEPLOYMENT_TARGET = 14.0;
				MTL_ENABLE_DEBUG_INFO = INCLUDE_SOURCE;
				MTL_FAST_MATH = YES;
				ONLY_ACTIVE_ARCH = YES;
				SDKROOT = macosx;
				SWIFT_ACTIVE_COMPILATION_CONDITIONS = "DEBUG $(inherited)";
				SWIFT_OPTIMIZATION_LEVEL = "-Onone";
			};
			name = Debug;
		};
		470D80CB2BCAC39200F3F141 /* Release */ = {
			isa = XCBuildConfiguration;
			buildSettings = {
				ALWAYS_SEARCH_USER_PATHS = NO;
				ASSETCATALOG_COMPILER_GENERATE_SWIFT_ASSET_SYMBOL_EXTENSIONS = YES;
				CLANG_ANALYZER_NONNULL = YES;
				CLANG_ANALYZER_NUMBER_OBJECT_CONVERSION = YES_AGGRESSIVE;
				CLANG_CXX_LANGUAGE_STANDARD = "gnu++20";
				CLANG_ENABLE_MODULES = YES;
				CLANG_ENABLE_OBJC_ARC = YES;
				CLANG_ENABLE_OBJC_WEAK = YES;
				CLANG_WARN_BLOCK_CAPTURE_AUTORELEASING = YES;
				CLANG_WARN_BOOL_CONVERSION = YES;
				CLANG_WARN_COMMA = YES;
				CLANG_WARN_CONSTANT_CONVERSION = YES;
				CLANG_WARN_DEPRECATED_OBJC_IMPLEMENTATIONS = YES;
				CLANG_WARN_DIRECT_OBJC_ISA_USAGE = YES_ERROR;
				CLANG_WARN_DOCUMENTATION_COMMENTS = YES;
				CLANG_WARN_EMPTY_BODY = YES;
				CLANG_WARN_ENUM_CONVERSION = YES;
				CLANG_WARN_INFINITE_RECURSION = YES;
				CLANG_WARN_INT_CONVERSION = YES;
				CLANG_WARN_NON_LITERAL_NULL_CONVERSION = YES;
				CLANG_WARN_OBJC_IMPLICIT_RETAIN_SELF = YES;
				CLANG_WARN_OBJC_LITERAL_CONVERSION = YES;
				CLANG_WARN_OBJC_ROOT_CLASS = YES_ERROR;
				CLANG_WARN_QUOTED_INCLUDE_IN_FRAMEWORK_HEADER = YES;
				CLANG_WARN_RANGE_LOOP_ANALYSIS = YES;
				CLANG_WARN_STRICT_PROTOTYPES = YES;
				CLANG_WARN_SUSPICIOUS_MOVE = YES;
				CLANG_WARN_UNGUARDED_AVAILABILITY = YES_AGGRESSIVE;
				CLANG_WARN_UNREACHABLE_CODE = YES;
				CLANG_WARN__DUPLICATE_METHOD_MATCH = YES;
				COPY_PHASE_STRIP = NO;
				DEBUG_INFORMATION_FORMAT = "dwarf-with-dsym";
				ENABLE_NS_ASSERTIONS = NO;
				ENABLE_STRICT_OBJC_MSGSEND = YES;
				ENABLE_USER_SCRIPT_SANDBOXING = YES;
				GCC_C_LANGUAGE_STANDARD = gnu17;
				GCC_NO_COMMON_BLOCKS = YES;
				GCC_WARN_64_TO_32_BIT_CONVERSION = YES;
				GCC_WARN_ABOUT_RETURN_TYPE = YES_ERROR;
				GCC_WARN_UNDECLARED_SELECTOR = YES;
				GCC_WARN_UNINITIALIZED_AUTOS = YES_AGGRESSIVE;
				GCC_WARN_UNUSED_FUNCTION = YES;
				GCC_WARN_UNUSED_VARIABLE = YES;
				LOCALIZATION_PREFERS_STRING_CATALOGS = YES;
				MACOSX_DEPLOYMENT_TARGET = 14.0;
				MTL_ENABLE_DEBUG_INFO = NO;
				MTL_FAST_MATH = YES;
				SDKROOT = macosx;
				SWIFT_COMPILATION_MODE = wholemodule;
			};
			name = Release;
		};
		470D80CD2BCAC39200F3F141 /* Debug */ = {
			isa = XCBuildConfiguration;
			buildSettings = {
				ASSETCATALOG_COMPILER_APPICON_NAME = AppIcon;
				ASSETCATALOG_COMPILER_GLOBAL_ACCENT_COLOR_NAME = AccentColor;
				CODE_SIGN_ENTITLEMENTS = claste/claste.entitlements;
				CODE_SIGN_STYLE = Automatic;
				COMBINE_HIDPI_IMAGES = YES;
				CURRENT_PROJECT_VERSION = 1;
				DEVELOPMENT_ASSET_PATHS = "\"claste/Preview Content\"";
				ENABLE_PREVIEWS = YES;
				GENERATE_INFOPLIST_FILE = YES;
				INFOPLIST_KEY_NSHumanReadableCopyright = "";
				LD_RUNPATH_SEARCH_PATHS = (
					"$(inherited)",
					"@executable_path/../Frameworks",
				);
				MARKETING_VERSION = 1.0;
				PRODUCT_BUNDLE_IDENTIFIER = com.scottopell.claste;
				PRODUCT_NAME = "$(TARGET_NAME)";
				SWIFT_EMIT_LOC_STRINGS = YES;
				SWIFT_VERSION = 5.0;
			};
			name = Debug;
		};
		470D80CE2BCAC39200F3F141 /* Release */ = {
			isa = XCBuildConfiguration;
			buildSettings = {
				ASSETCATALOG_COMPILER_APPICON_NAME = AppIcon;
				ASSETCATALOG_COMPILER_GLOBAL_ACCENT_COLOR_NAME = AccentColor;
				CODE_SIGN_ENTITLEMENTS = claste/claste.entitlements;
				CODE_SIGN_STYLE = Automatic;
				COMBINE_HIDPI_IMAGES = YES;
				CURRENT_PROJECT_VERSION = 1;
				DEVELOPMENT_ASSET_PATHS = "\"claste/Preview Content\"";
				ENABLE_PREVIEWS = YES;
				GENERATE_INFOPLIST_FILE = YES;
				INFOPLIST_KEY_NSHumanReadableCopyright = "";
				LD_RUNPATH_SEARCH_PATHS = (
					"$(inherited)",
					"@executable_path/../Frameworks",
				);
				MARKETING_VERSION = 1.0;
				PRODUCT_BUNDLE_IDENTIFIER = com.scottopell.claste;
				PRODUCT_NAME = "$(TARGET_NAME)";
				SWIFT_EMIT_LOC_STRINGS = YES;
				SWIFT_VERSION = 5.0;
			};
			name = Release;
		};
/* End XCBuildConfiguration section */

/* Begin XCConfigurationList section */
		470D80B82BCAC39100F3F141 /* Build configuration list for PBXProject "claste" */ = {
			isa = XCConfigurationList;
			buildConfigurations = (
				470D80CA2BCAC39200F3F141 /* Debug */,
				470D80CB2BCAC39200F3F141 /* Release */,
			);
			defaultConfigurationIsVisible = 0;
			defaultConfigurationName = Release;
		};
		470D80CC2BCAC39200F3F141 /* Build configuration list for PBXNativeTarget "claste" */ = {
			isa = XCConfigurationList;
			buildConfigurations = (
				470D80CD2BCAC39200F3F141 /* Debug */,
				470D80CE2BCAC39200F3F141 /* Release */,
			);
			defaultConfigurationIsVisible = 0;
			defaultConfigurationName = Release;
		};
/* End XCConfigurationList section */
	};
	rootObject = 470D80B52BCAC39100F3F141 /* Project object */;
}
